{
  "name": "project-template",
  "version": "1.0.0",
  "lockfileVersion": 3,
  "requires": true,
  "packages": {
    "": {
      "name": "project-template",
      "version": "1.0.0",
      "license": "MIT",
      "workspaces": [
        "packages/hyf-common",
        "packages/server",
        "packages/browser"
      ]
    },
    "node_modules/browser": {
      "resolved": "packages/browser",
      "link": true
    },
    "node_modules/hyf-common": {
      "resolved": "packages/hyf-common",
      "link": true
    },
    "node_modules/server": {
      "resolved": "packages/server",
      "link": true
    },
    "packages/browser": {
      "version": "1.0.0",
      "license": "MIT",
      "dependencies": {
        "hyf-common": "^1.0.0"
      },
      "devDependencies": {}
    },
    "packages/hyf-common": {
      "version": "1.0.0",
      "license": "MIT"
    },
    "packages/server": {
      "version": "1.0.0",
      "license": "MIT",
      "dependencies": {
        "hyf-common": "^1.0.0"
      }
    }
  }
}
